
Microsoft Visual Studio Solution File, Format Version 12.00
# Visual Studio Version 17
VisualStudioVersion = 17.11.35222.181
MinimumVisualStudioVersion = 10.0.40219.1
Project("{FAE04EC0-301F-11D3-BF4B-00C04F79EFBC}") = "lab16", "lab16\lab16.csproj", "{A2AC735A-CB68-48C9-8352-507DC4BE12B3}"
EndProject
Project("{FAE04EC0-301F-11D3-BF4B-00C04F79EFBC}") = "MyLinkedListTests", "MyLinkedListTests\MyLinkedListTests.csproj", "{8281652D-546D-4FFC-83D3-79F83FED91F6}"
EndProject
Global
	GlobalSection(SolutionConfigurationPlatforms) = preSolution
		Debug|Any CPU = Debug|Any CPU
		Release|Any CPU = Release|Any CPU
	EndGlobalSection
	GlobalSection(ProjectConfigurationPlatforms) = postSolution
		{A2AC735A-CB68-48C9-8352-507DC4BE12B3}.Debug|Any CPU.ActiveCfg = Debug|Any CPU
		{A2AC735A-CB68-48C9-8352-507DC4BE12B3}.Debug|Any CPU.Build.0 = Debug|Any CPU
		{A2AC735A-CB68-48C9-8352-507DC4BE12B3}.Release|Any CPU.ActiveCfg = Release|Any CPU
		{A2AC735A-CB68-48C9-8352-507DC4BE12B3}.Release|Any CPU.Build.0 = Release|Any CPU
		{8281652D-546D-4FFC-83D3-79F83FED91F6}.Debug|Any CPU.ActiveCfg = Debug|Any CPU
		{8281652D-546D-4FFC-83D3-79F83FED91F6}.Debug|Any CPU.Build.0 = Debug|Any CPU
		{8281652D-546D-4FFC-83D3-79F83FED91F6}.Release|Any CPU.ActiveCfg = Release|Any CPU
		{8281652D-546D-4FFC-83D3-79F83FED91F6}.Release|Any CPU.Build.0 = Release|Any CPU
	EndGlobalSection
	GlobalSection(SolutionProperties) = preSolution
		HideSolutionNode = FALSE
	EndGlobalSection
	GlobalSection(ExtensibilityGlobals) = postSolution
		SolutionGuid = {A4F8A230-C2C8-4CC4-8C64-28D51645A65C}
	EndGlobalSection
EndGlobal
